
Microsoft Visual Studio Solution File, Format Version 12.00
# Visual Studio Version 17
VisualStudioVersion = 17.0.31912.275
MinimumVisualStudioVersion = 10.0.40219.1
Project("{8BC9CEB8-8B4A-11D0-8D11-00A0C91BC942}") = "module3pr31s8", "module3pr31s8.vcxproj", "{DA5AB0BC-6240-44D8-B4DF-3A72489D4E6A}"
EndProject
Global
	GlobalSection(SolutionConfigurationPlatforms) = preSolution
		Debug|x64 = Debug|x64
		Debug|x86 = Debug|x86
		Release|x64 = Release|x64
		Release|x86 = Release|x86
	EndGlobalSection
	GlobalSection(ProjectConfigurationPlatforms) = postSolution
		{DA5AB0BC-6240-44D8-B4DF-3A72489D4E6A}.Debug|x64.ActiveCfg = Debug|x64
		{DA5AB0BC-6240-44D8-B4DF-3A72489D4E6A}.Debug|x64.Build.0 = Debug|x64
		{DA5AB0BC-6240-44D8-B4DF-3A72489D4E6A}.Debug|x86.ActiveCfg = Debug|Win32
		{DA5AB0BC-6240-44D8-B4DF-3A72489D4E6A}.Debug|x86.Build.0 = Debug|Win32
		{DA5AB0BC-6240-44D8-B4DF-3A72489D4E6A}.Release|x64.ActiveCfg = Release|x64
		{DA5AB0BC-6240-44D8-B4DF-3A72489D4E6A}.Release|x64.Build.0 = Release|x64
		{DA5AB0BC-6240-44D8-B4DF-3A72489D4E6A}.Release|x86.ActiveCfg = Release|Win32
		{DA5AB0BC-6240-44D8-B4DF-3A72489D4E6A}.Release|x86.Build.0 = Release|Win32
	EndGlobalSection
	GlobalSection(SolutionProperties) = preSolution
		HideSolutionNode = FALSE
	EndGlobalSection
	GlobalSection(ExtensibilityGlobals) = postSolution
		SolutionGuid = {210F3E9E-3C1E-439C-80EC-312F9F05E4C8}
	EndGlobalSection
EndGlobal
